// !$*UTF8*$!
{
	archiveVersion = 1;
	classes = {
	};
	objectVersion = 56;
	objects = {

/* Begin PBXBuildFile section */
		BD26D08C2B3B19A500040A2A /* SwiftUICharts in Frameworks */ = {isa = PBXBuildFile; productRef = BD26D08B2B3B19A500040A2A /* SwiftUICharts */; };
		BD3A69072B63FD3700096725 /* NotificationManager.swift in Sources */ = {isa = PBXBuildFile; fileRef = BD3A69062B63FD3700096725 /* NotificationManager.swift */; };
		BD3A69092B63FFBA00096725 /* DateExtensions.swift in Sources */ = {isa = PBXBuildFile; fileRef = BD3A69082B63FFBA00096725 /* DateExtensions.swift */; };
		BD569C732B3831900091847D /* BmiModel.xcdatamodeld in Sources */ = {isa = PBXBuildFile; fileRef = BD569C712B3831900091847D /* BmiModel.xcdatamodeld */; };
		BD569C752B3831A20091847D /* DataController.swift in Sources */ = {isa = PBXBuildFile; fileRef = BD569C742B3831A20091847D /* DataController.swift */; };
		BD79A0F42B33840600E4BE31 /* BMI_CalculatorApp.swift in Sources */ = {isa = PBXBuildFile; fileRef = BD79A0F32B33840600E4BE31 /* BMI_CalculatorApp.swift */; };
		BD79A0F82B33840700E4BE31 /* Assets.xcassets in Resources */ = {isa = PBXBuildFile; fileRef = BD79A0F72B33840700E4BE31 /* Assets.xcassets */; };
		BD79A0FB2B33840700E4BE31 /* Preview Assets.xcassets in Resources */ = {isa = PBXBuildFile; fileRef = BD79A0FA2B33840700E4BE31 /* Preview Assets.xcassets */; };
		BD818F842B3F9E9A001766D4 /* Double.swift in Sources */ = {isa = PBXBuildFile; fileRef = BD818F832B3F9E9A001766D4 /* Double.swift */; };
		BDC1F2C62B34A91E004DCA70 /* RootView.swift in Sources */ = {isa = PBXBuildFile; fileRef = BDC1F2C52B34A91E004DCA70 /* RootView.swift */; };
		BDC1F2C92B34AA5B004DCA70 /* OnboardingRootView.swift in Sources */ = {isa = PBXBuildFile; fileRef = BDC1F2C82B34AA5B004DCA70 /* OnboardingRootView.swift */; };
		BDC1F2CE2B34C8AC004DCA70 /* TabbedItems.swift in Sources */ = {isa = PBXBuildFile; fileRef = BDC1F2CD2B34C8AC004DCA70 /* TabbedItems.swift */; };
		BDC1F2D22B34CBEA004DCA70 /* ShapeExtensions.swift in Sources */ = {isa = PBXBuildFile; fileRef = BDC1F2D12B34CBEA004DCA70 /* ShapeExtensions.swift */; };
		BDE7BEAC2B338A82006D27AE /* BMIView.swift in Sources */ = {isa = PBXBuildFile; fileRef = BDE7BEAB2B338A82006D27AE /* BMIView.swift */; };
		BDE7BEAE2B338CF5006D27AE /* ProfileView.swift in Sources */ = {isa = PBXBuildFile; fileRef = BDE7BEAD2B338CF5006D27AE /* ProfileView.swift */; };
		BDE7BEB02B338D5A006D27AE /* TargetView.swift in Sources */ = {isa = PBXBuildFile; fileRef = BDE7BEAF2B338D5A006D27AE /* TargetView.swift */; };
		BDE7BEB22B338DCB006D27AE /* ChartView.swift in Sources */ = {isa = PBXBuildFile; fileRef = BDE7BEB12B338DCB006D27AE /* ChartView.swift */; };
		BDE7BEB72B338F30006D27AE /* EnterBMIView.swift in Sources */ = {isa = PBXBuildFile; fileRef = BDE7BEB62B338F30006D27AE /* EnterBMIView.swift */; };
		BDE7BEB92B339153006D27AE /* TabsView.swift in Sources */ = {isa = PBXBuildFile; fileRef = BDE7BEB82B339153006D27AE /* TabsView.swift */; };
		DB3DE0D42B3A0ECA004B716B /* ColorExtensions.swift in Sources */ = {isa = PBXBuildFile; fileRef = DB3DE0D32B3A0ECA004B716B /* ColorExtensions.swift */; };
		DBA863F42B3B17CC00C74582 /* SheetView.swift in Sources */ = {isa = PBXBuildFile; fileRef = DBA863F32B3B17CC00C74582 /* SheetView.swift */; };
		DBC80A252B405EBF00C621CF /* GenderSelectionView.swift in Sources */ = {isa = PBXBuildFile; fileRef = DBC80A242B405EBF00C621CF /* GenderSelectionView.swift */; };
		DBE9DC962B34E88000850693 /* CustomTextFieldStyle.swift in Sources */ = {isa = PBXBuildFile; fileRef = DBE9DC952B34E88000850693 /* CustomTextFieldStyle.swift */; };
/* End PBXBuildFile section */

/* Begin PBXFileReference section */
		BD3A69062B63FD3700096725 /* NotificationManager.swift */ = {isa = PBXFileReference; lastKnownFileType = sourcecode.swift; path = NotificationManager.swift; sourceTree = "<group>"; };
		BD3A69082B63FFBA00096725 /* DateExtensions.swift */ = {isa = PBXFileReference; lastKnownFileType = sourcecode.swift; path = DateExtensions.swift; sourceTree = "<group>"; };
		BD569C722B3831900091847D /* BmiModel.xcdatamodel */ = {isa = PBXFileReference; lastKnownFileType = wrapper.xcdatamodel; path = BmiModel.xcdatamodel; sourceTree = "<group>"; };
		BD569C742B3831A20091847D /* DataController.swift */ = {isa = PBXFileReference; lastKnownFileType = sourcecode.swift; path = DataController.swift; sourceTree = "<group>"; };
		BD79A0F02B33840600E4BE31 /* BMI-Calculator.app */ = {isa = PBXFileReference; explicitFileType = wrapper.application; includeInIndex = 0; path = "BMI-Calculator.app"; sourceTree = BUILT_PRODUCTS_DIR; };
		BD79A0F32B33840600E4BE31 /* BMI_CalculatorApp.swift */ = {isa = PBXFileReference; lastKnownFileType = sourcecode.swift; path = BMI_CalculatorApp.swift; sourceTree = "<group>"; };
		BD79A0F72B33840700E4BE31 /* Assets.xcassets */ = {isa = PBXFileReference; lastKnownFileType = folder.assetcatalog; path = Assets.xcassets; sourceTree = "<group>"; };
		BD79A0FA2B33840700E4BE31 /* Preview Assets.xcassets */ = {isa = PBXFileReference; lastKnownFileType = folder.assetcatalog; path = "Preview Assets.xcassets"; sourceTree = "<group>"; };
		BD818F832B3F9E9A001766D4 /* Double.swift */ = {isa = PBXFileReference; lastKnownFileType = sourcecode.swift; path = Double.swift; sourceTree = "<group>"; };
		BDC1F2C52B34A91E004DCA70 /* RootView.swift */ = {isa = PBXFileReference; lastKnownFileType = sourcecode.swift; path = RootView.swift; sourceTree = "<group>"; };
		BDC1F2C82B34AA5B004DCA70 /* OnboardingRootView.swift */ = {isa = PBXFileReference; lastKnownFileType = sourcecode.swift; path = OnboardingRootView.swift; sourceTree = "<group>"; };
		BDC1F2CD2B34C8AC004DCA70 /* TabbedItems.swift */ = {isa = PBXFileReference; lastKnownFileType = sourcecode.swift; path = TabbedItems.swift; sourceTree = "<group>"; };
		BDC1F2D12B34CBEA004DCA70 /* ShapeExtensions.swift */ = {isa = PBXFileReference; lastKnownFileType = sourcecode.swift; path = ShapeExtensions.swift; sourceTree = "<group>"; };
		BDE7BEAB2B338A82006D27AE /* BMIView.swift */ = {isa = PBXFileReference; lastKnownFileType = sourcecode.swift; path = BMIView.swift; sourceTree = "<group>"; };
		BDE7BEAD2B338CF5006D27AE /* ProfileView.swift */ = {isa = PBXFileReference; lastKnownFileType = sourcecode.swift; path = ProfileView.swift; sourceTree = "<group>"; };
		BDE7BEAF2B338D5A006D27AE /* TargetView.swift */ = {isa = PBXFileReference; lastKnownFileType = sourcecode.swift; path = TargetView.swift; sourceTree = "<group>"; };
		BDE7BEB12B338DCB006D27AE /* ChartView.swift */ = {isa = PBXFileReference; lastKnownFileType = sourcecode.swift; path = ChartView.swift; sourceTree = "<group>"; };
		BDE7BEB62B338F30006D27AE /* EnterBMIView.swift */ = {isa = PBXFileReference; lastKnownFileType = sourcecode.swift; path = EnterBMIView.swift; sourceTree = "<group>"; };
		BDE7BEB82B339153006D27AE /* TabsView.swift */ = {isa = PBXFileReference; lastKnownFileType = sourcecode.swift; path = TabsView.swift; sourceTree = "<group>"; };
		DB3DE0D32B3A0ECA004B716B /* ColorExtensions.swift */ = {isa = PBXFileReference; lastKnownFileType = sourcecode.swift; path = ColorExtensions.swift; sourceTree = "<group>"; };
		DBA863F32B3B17CC00C74582 /* SheetView.swift */ = {isa = PBXFileReference; lastKnownFileType = sourcecode.swift; path = SheetView.swift; sourceTree = "<group>"; };
		DBC80A242B405EBF00C621CF /* GenderSelectionView.swift */ = {isa = PBXFileReference; lastKnownFileType = sourcecode.swift; path = GenderSelectionView.swift; sourceTree = "<group>"; };
		DBE9DC952B34E88000850693 /* CustomTextFieldStyle.swift */ = {isa = PBXFileReference; lastKnownFileType = sourcecode.swift; path = CustomTextFieldStyle.swift; sourceTree = "<group>"; };
/* End PBXFileReference section */

/* Begin PBXFrameworksBuildPhase section */
		BD79A0ED2B33840600E4BE31 /* Frameworks */ = {
			isa = PBXFrameworksBuildPhase;
			buildActionMask = 2147483647;
			files = (
				BD26D08C2B3B19A500040A2A /* SwiftUICharts in Frameworks */,
			);
			runOnlyForDeploymentPostprocessing = 0;
		};
/* End PBXFrameworksBuildPhase section */

/* Begin PBXGroup section */
		BD3A69052B63FCB300096725 /* Services */ = {
			isa = PBXGroup;
			children = (
				BD3A69062B63FD3700096725 /* NotificationManager.swift */,
			);
			path = Services;
			sourceTree = "<group>";
		};
		BD569C702B38316B0091847D /* DataModel */ = {
			isa = PBXGroup;
			children = (
				BD569C712B3831900091847D /* BmiModel.xcdatamodeld */,
				BD569C742B3831A20091847D /* DataController.swift */,
			);
			path = DataModel;
			sourceTree = "<group>";
		};
		BD79A0E72B33840600E4BE31 = {
			isa = PBXGroup;
			children = (
				BD79A0F22B33840600E4BE31 /* BMI-Calculator */,
				BD79A0F12B33840600E4BE31 /* Products */,
			);
			sourceTree = "<group>";
		};
		BD79A0F12B33840600E4BE31 /* Products */ = {
			isa = PBXGroup;
			children = (
				BD79A0F02B33840600E4BE31 /* BMI-Calculator.app */,
			);
			name = Products;
			sourceTree = "<group>";
		};
		BD79A0F22B33840600E4BE31 /* BMI-Calculator */ = {
			isa = PBXGroup;
			children = (
				BD3A69052B63FCB300096725 /* Services */,
				BD569C702B38316B0091847D /* DataModel */,
				BDC1F2CF2B34CBD9004DCA70 /* Helpers */,
				BDE7BEA72B3385B0006D27AE /* Model */,
				BDE7BEAA2B3385D6006D27AE /* Views */,
				BD79A0F32B33840600E4BE31 /* BMI_CalculatorApp.swift */,
				BD79A0F72B33840700E4BE31 /* Assets.xcassets */,
				BD79A0F92B33840700E4BE31 /* Preview Content */,
			);
			path = "BMI-Calculator";
			sourceTree = "<group>";
		};
		BD79A0F92B33840700E4BE31 /* Preview Content */ = {
			isa = PBXGroup;
			children = (
				BD79A0FA2B33840700E4BE31 /* Preview Assets.xcassets */,
			);
			path = "Preview Content";
			sourceTree = "<group>";
		};
		BD818F852B3FA1FC001766D4 /* Components */ = {
			isa = PBXGroup;
			children = (
			);
			path = Components;
			sourceTree = "<group>";
		};
		BDC1F2C72B34AA03004DCA70 /* OnboardingViews */ = {
			isa = PBXGroup;
			children = (
				BDC1F2C82B34AA5B004DCA70 /* OnboardingRootView.swift */,
			);
			path = OnboardingViews;
			sourceTree = "<group>";
		};
		BDC1F2CF2B34CBD9004DCA70 /* Helpers */ = {
			isa = PBXGroup;
			children = (
				BDC1F2D02B34CBDF004DCA70 /* Extensions */,
			);
			path = Helpers;
			sourceTree = "<group>";
		};
		BDC1F2D02B34CBDF004DCA70 /* Extensions */ = {
			isa = PBXGroup;
			children = (
				BDC1F2D12B34CBEA004DCA70 /* ShapeExtensions.swift */,
				DBE9DC952B34E88000850693 /* CustomTextFieldStyle.swift */,
				DB3DE0D32B3A0ECA004B716B /* ColorExtensions.swift */,
				BD818F832B3F9E9A001766D4 /* Double.swift */,
				BD3A69082B63FFBA00096725 /* DateExtensions.swift */,
			);
			path = Extensions;
			sourceTree = "<group>";
		};
		BDE7BEA72B3385B0006D27AE /* Model */ = {
			isa = PBXGroup;
			children = (
				BDC1F2CD2B34C8AC004DCA70 /* TabbedItems.swift */,
			);
			path = Model;
			sourceTree = "<group>";
		};
		BDE7BEAA2B3385D6006D27AE /* Views */ = {
			isa = PBXGroup;
			children = (
				DBC80A232B405EAB00C621CF /* SubViews */,
				BD818F852B3FA1FC001766D4 /* Components */,
				BDC1F2C72B34AA03004DCA70 /* OnboardingViews */,
				BDC1F2C52B34A91E004DCA70 /* RootView.swift */,
				BDE7BEB82B339153006D27AE /* TabsView.swift */,
				BDE7BEAB2B338A82006D27AE /* BMIView.swift */,
				BDE7BEAF2B338D5A006D27AE /* TargetView.swift */,
				BDE7BEB62B338F30006D27AE /* EnterBMIView.swift */,
				BDE7BEB12B338DCB006D27AE /* ChartView.swift */,
				BDE7BEAD2B338CF5006D27AE /* ProfileView.swift */,
				DBA863F32B3B17CC00C74582 /* SheetView.swift */,
			);
			path = Views;
			sourceTree = "<group>";
		};
		DBC80A232B405EAB00C621CF /* SubViews */ = {
			isa = PBXGroup;
			children = (
				DBC80A242B405EBF00C621CF /* GenderSelectionView.swift */,
			);
			path = SubViews;
			sourceTree = "<group>";
		};
/* End PBXGroup section */

/* Begin PBXNativeTarget section */
		BD79A0EF2B33840600E4BE31 /* BMI-Calculator */ = {
			isa = PBXNativeTarget;
			buildConfigurationList = BD79A1032B33840700E4BE31 /* Build configuration list for PBXNativeTarget "BMI-Calculator" */;
			buildPhases = (
				BD79A0EC2B33840600E4BE31 /* Sources */,
				BD79A0ED2B33840600E4BE31 /* Frameworks */,
				BD79A0EE2B33840600E4BE31 /* Resources */,
			);
			buildRules = (
			);
			dependencies = (
			);
			name = "BMI-Calculator";
			packageProductDependencies = (
				BD26D08B2B3B19A500040A2A /* SwiftUICharts */,
			);
			productName = "BMI-Calculator";
			productReference = BD79A0F02B33840600E4BE31 /* BMI-Calculator.app */;
			productType = "com.apple.product-type.application";
		};
/* End PBXNativeTarget section */

/* Begin PBXProject section */
		BD79A0E82B33840600E4BE31 /* Project object */ = {
			isa = PBXProject;
			attributes = {
				BuildIndependentTargetsInParallel = 1;
				LastSwiftUpdateCheck = 1500;
				LastUpgradeCheck = 1500;
				TargetAttributes = {
					BD79A0EF2B33840600E4BE31 = {
						CreatedOnToolsVersion = 15.0.1;
					};
				};
			};
			buildConfigurationList = BD79A0EB2B33840600E4BE31 /* Build configuration list for PBXProject "BMI-Calculator" */;
			compatibilityVersion = "Xcode 14.0";
			developmentRegion = en;
			hasScannedForEncodings = 0;
			knownRegions = (
				en,
				Base,
			);
			mainGroup = BD79A0E72B33840600E4BE31;
			packageReferences = (
				BD26D08A2B3B19A500040A2A /* XCRemoteSwiftPackageReference "chartview" */,
			);
			productRefGroup = BD79A0F12B33840600E4BE31 /* Products */;
			projectDirPath = "";
			projectRoot = "";
			targets = (
				BD79A0EF2B33840600E4BE31 /* BMI-Calculator */,
			);
		};
/* End PBXProject section */

/* Begin PBXResourcesBuildPhase section */
		BD79A0EE2B33840600E4BE31 /* Resources */ = {
			isa = PBXResourcesBuildPhase;
			buildActionMask = 2147483647;
			files = (
				BD79A0FB2B33840700E4BE31 /* Preview Assets.xcassets in Resources */,
				BD79A0F82B33840700E4BE31 /* Assets.xcassets in Resources */,
			);
			runOnlyForDeploymentPostprocessing = 0;
		};
/* End PBXResourcesBuildPhase section */

/* Begin PBXSourcesBuildPhase section */
		BD79A0EC2B33840600E4BE31 /* Sources */ = {
			isa = PBXSourcesBuildPhase;
			buildActionMask = 2147483647;
			files = (
				BDC1F2D22B34CBEA004DCA70 /* ShapeExtensions.swift in Sources */,
				BD3A69092B63FFBA00096725 /* DateExtensions.swift in Sources */,
				BDE7BEB72B338F30006D27AE /* EnterBMIView.swift in Sources */,
				BDE7BEB92B339153006D27AE /* TabsView.swift in Sources */,
				BD569C732B3831900091847D /* BmiModel.xcdatamodeld in Sources */,
				BDC1F2CE2B34C8AC004DCA70 /* TabbedItems.swift in Sources */,
				BD818F842B3F9E9A001766D4 /* Double.swift in Sources */,
				DBC80A252B405EBF00C621CF /* GenderSelectionView.swift in Sources */,
				BDC1F2C92B34AA5B004DCA70 /* OnboardingRootView.swift in Sources */,
				BDE7BEAC2B338A82006D27AE /* BMIView.swift in Sources */,
				BDE7BEAE2B338CF5006D27AE /* ProfileView.swift in Sources */,
				BD79A0F42B33840600E4BE31 /* BMI_CalculatorApp.swift in Sources */,
				BD569C752B3831A20091847D /* DataController.swift in Sources */,
				BDE7BEB02B338D5A006D27AE /* TargetView.swift in Sources */,
				DB3DE0D42B3A0ECA004B716B /* ColorExtensions.swift in Sources */,
				BDE7BEB22B338DCB006D27AE /* ChartView.swift in Sources */,
				BD3A69072B63FD3700096725 /* NotificationManager.swift in Sources */,
				DBE9DC962B34E88000850693 /* CustomTextFieldStyle.swift in Sources */,
				DBA863F42B3B17CC00C74582 /* SheetView.swift in Sources */,
				BDC1F2C62B34A91E004DCA70 /* RootView.swift in Sources */,
			);
			runOnlyForDeploymentPostprocessing = 0;
		};
/* End PBXSourcesBuildPhase section */

/* Begin XCBuildConfiguration section */
		BD79A1012B33840700E4BE31 /* Debug */ = {
			isa = XCBuildConfiguration;
			buildSettings = {
				ALWAYS_SEARCH_USER_PATHS = NO;
				ASSETCATALOG_COMPILER_GENERATE_SWIFT_ASSET_SYMBOL_EXTENSIONS = YES;
				CLANG_ANALYZER_NONNULL = YES;
				CLANG_ANALYZER_NUMBER_OBJECT_CONVERSION = YES_AGGRESSIVE;
				CLANG_CXX_LANGUAGE_STANDARD = "gnu++20";
				CLANG_ENABLE_MODULES = YES;
				CLANG_ENABLE_OBJC_ARC = YES;
				CLANG_ENABLE_OBJC_WEAK = YES;
				CLANG_WARN_BLOCK_CAPTURE_AUTORELEASING = YES;
				CLANG_WARN_BOOL_CONVERSION = YES;
				CLANG_WARN_COMMA = YES;
				CLANG_WARN_CONSTANT_CONVERSION = YES;
				CLANG_WARN_DEPRECATED_OBJC_IMPLEMENTATIONS = YES;
				CLANG_WARN_DIRECT_OBJC_ISA_USAGE = YES_ERROR;
				CLANG_WARN_DOCUMENTATION_COMMENTS = YES;
				CLANG_WARN_EMPTY_BODY = YES;
				CLANG_WARN_ENUM_CONVERSION = YES;
				CLANG_WARN_INFINITE_RECURSION = YES;
				CLANG_WARN_INT_CONVERSION = YES;
				CLANG_WARN_NON_LITERAL_NULL_CONVERSION = YES;
				CLANG_WARN_OBJC_IMPLICIT_RETAIN_SELF = YES;
				CLANG_WARN_OBJC_LITERAL_CONVERSION = YES;
				CLANG_WARN_OBJC_ROOT_CLASS = YES_ERROR;
				CLANG_WARN_QUOTED_INCLUDE_IN_FRAMEWORK_HEADER = YES;
				CLANG_WARN_RANGE_LOOP_ANALYSIS = YES;
				CLANG_WARN_STRICT_PROTOTYPES = YES;
				CLANG_WARN_SUSPICIOUS_MOVE = YES;
				CLANG_WARN_UNGUARDED_AVAILABILITY = YES_AGGRESSIVE;
				CLANG_WARN_UNREACHABLE_CODE = YES;
				CLANG_WARN__DUPLICATE_METHOD_MATCH = YES;
				COPY_PHASE_STRIP = NO;
				DEBUG_INFORMATION_FORMAT = dwarf;
				ENABLE_STRICT_OBJC_MSGSEND = YES;
				ENABLE_TESTABILITY = YES;
				ENABLE_USER_SCRIPT_SANDBOXING = YES;
				GCC_C_LANGUAGE_STANDARD = gnu17;
				GCC_DYNAMIC_NO_PIC = NO;
				GCC_NO_COMMON_BLOCKS = YES;
				GCC_OPTIMIZATION_LEVEL = 0;
				GCC_PREPROCESSOR_DEFINITIONS = (
					"DEBUG=1",
					"$(inherited)",
				);
				GCC_WARN_64_TO_32_BIT_CONVERSION = YES;
				GCC_WARN_ABOUT_RETURN_TYPE = YES_ERROR;
				GCC_WARN_UNDECLARED_SELECTOR = YES;
				GCC_WARN_UNINITIALIZED_AUTOS = YES_AGGRESSIVE;
				GCC_WARN_UNUSED_FUNCTION = YES;
				GCC_WARN_UNUSED_VARIABLE = YES;
				IPHONEOS_DEPLOYMENT_TARGET = 16.0;
				LOCALIZATION_PREFERS_STRING_CATALOGS = YES;
				MTL_ENABLE_DEBUG_INFO = INCLUDE_SOURCE;
				MTL_FAST_MATH = YES;
				ONLY_ACTIVE_ARCH = YES;
				SDKROOT = iphoneos;
				SWIFT_ACTIVE_COMPILATION_CONDITIONS = "DEBUG $(inherited)";
				SWIFT_OPTIMIZATION_LEVEL = "-Onone";
			};
			name = Debug;
		};
		BD79A1022B33840700E4BE31 /* Release */ = {
			isa = XCBuildConfiguration;
			buildSettings = {
				ALWAYS_SEARCH_USER_PATHS = NO;
				ASSETCATALOG_COMPILER_GENERATE_SWIFT_ASSET_SYMBOL_EXTENSIONS = YES;
				CLANG_ANALYZER_NONNULL = YES;
				CLANG_ANALYZER_NUMBER_OBJECT_CONVERSION = YES_AGGRESSIVE;
				CLANG_CXX_LANGUAGE_STANDARD = "gnu++20";
				CLANG_ENABLE_MODULES = YES;
				CLANG_ENABLE_OBJC_ARC = YES;
				CLANG_ENABLE_OBJC_WEAK = YES;
				CLANG_WARN_BLOCK_CAPTURE_AUTORELEASING = YES;
				CLANG_WARN_BOOL_CONVERSION = YES;
				CLANG_WARN_COMMA = YES;
				CLANG_WARN_CONSTANT_CONVERSION = YES;
				CLANG_WARN_DEPRECATED_OBJC_IMPLEMENTATIONS = YES;
				CLANG_WARN_DIRECT_OBJC_ISA_USAGE = YES_ERROR;
				CLANG_WARN_DOCUMENTATION_COMMENTS = YES;
				CLANG_WARN_EMPTY_BODY = YES;
				CLANG_WARN_ENUM_CONVERSION = YES;
				CLANG_WARN_INFINITE_RECURSION = YES;
				CLANG_WARN_INT_CONVERSION = YES;
				CLANG_WARN_NON_LITERAL_NULL_CONVERSION = YES;
				CLANG_WARN_OBJC_IMPLICIT_RETAIN_SELF = YES;
				CLANG_WARN_OBJC_LITERAL_CONVERSION = YES;
				CLANG_WARN_OBJC_ROOT_CLASS = YES_ERROR;
				CLANG_WARN_QUOTED_INCLUDE_IN_FRAMEWORK_HEADER = YES;
				CLANG_WARN_RANGE_LOOP_ANALYSIS = YES;
				CLANG_WARN_STRICT_PROTOTYPES = YES;
				CLANG_WARN_SUSPICIOUS_MOVE = YES;
				CLANG_WARN_UNGUARDED_AVAILABILITY = YES_AGGRESSIVE;
				CLANG_WARN_UNREACHABLE_CODE = YES;
				CLANG_WARN__DUPLICATE_METHOD_MATCH = YES;
				COPY_PHASE_STRIP = NO;
				DEBUG_INFORMATION_FORMAT = "dwarf-with-dsym";
				ENABLE_NS_ASSERTIONS = NO;
				ENABLE_STRICT_OBJC_MSGSEND = YES;
				ENABLE_USER_SCRIPT_SANDBOXING = YES;
				GCC_C_LANGUAGE_STANDARD = gnu17;
				GCC_NO_COMMON_BLOCKS = YES;
				GCC_WARN_64_TO_32_BIT_CONVERSION = YES;
				GCC_WARN_ABOUT_RETURN_TYPE = YES_ERROR;
				GCC_WARN_UNDECLARED_SELECTOR = YES;
				GCC_WARN_UNINITIALIZED_AUTOS = YES_AGGRESSIVE;
				GCC_WARN_UNUSED_FUNCTION = YES;
				GCC_WARN_UNUSED_VARIABLE = YES;
				IPHONEOS_DEPLOYMENT_TARGET = 16.0;
				LOCALIZATION_PREFERS_STRING_CATALOGS = YES;
				MTL_ENABLE_DEBUG_INFO = NO;
				MTL_FAST_MATH = YES;
				SDKROOT = iphoneos;
				SWIFT_COMPILATION_MODE = wholemodule;
				VALIDATE_PRODUCT = YES;
			};
			name = Release;
		};
		BD79A1042B33840700E4BE31 /* Debug */ = {
			isa = XCBuildConfiguration;
			buildSettings = {
				ASSETCATALOG_COMPILER_APPICON_NAME = AppIcon;
				ASSETCATALOG_COMPILER_GLOBAL_ACCENT_COLOR_NAME = AccentColor;
				CODE_SIGN_STYLE = Automatic;
				CURRENT_PROJECT_VERSION = 1;
				DEVELOPMENT_ASSET_PATHS = "\"BMI-Calculator/Preview Content\"";
				DEVELOPMENT_TEAM = H977SBZFQP;
				ENABLE_PREVIEWS = YES;
				GENERATE_INFOPLIST_FILE = YES;
				INFOPLIST_KEY_UIApplicationSceneManifest_Generation = YES;
				INFOPLIST_KEY_UIApplicationSupportsIndirectInputEvents = YES;
				INFOPLIST_KEY_UILaunchScreen_Generation = YES;
				INFOPLIST_KEY_UISupportedInterfaceOrientations_iPad = "UIInterfaceOrientationPortrait UIInterfaceOrientationPortraitUpsideDown UIInterfaceOrientationLandscapeLeft UIInterfaceOrientationLandscapeRight";
				INFOPLIST_KEY_UISupportedInterfaceOrientations_iPhone = "UIInterfaceOrientationPortrait UIInterfaceOrientationLandscapeLeft UIInterfaceOrientationLandscapeRight";
				IPHONEOS_DEPLOYMENT_TARGET = 16.0;
				LD_RUNPATH_SEARCH_PATHS = (
					"$(inherited)",
					"@executable_path/Frameworks",
				);
				MARKETING_VERSION = 1.0;
				PRODUCT_BUNDLE_IDENTIFIER = "com.sephry.BMI-Calculator";
				PRODUCT_NAME = "$(TARGET_NAME)";
				SWIFT_EMIT_LOC_STRINGS = YES;
				SWIFT_VERSION = 5.0;
				TARGETED_DEVICE_FAMILY = "1,2";
			};
			name = Debug;
		};
		BD79A1052B33840700E4BE31 /* Release */ = {
			isa = XCBuildConfiguration;
			buildSettings = {
				ASSETCATALOG_COMPILER_APPICON_NAME = AppIcon;
				ASSETCATALOG_COMPILER_GLOBAL_ACCENT_COLOR_NAME = AccentColor;
				CODE_SIGN_STYLE = Automatic;
				CURRENT_PROJECT_VERSION = 1;
				DEVELOPMENT_ASSET_PATHS = "\"BMI-Calculator/Preview Content\"";
				DEVELOPMENT_TEAM = H977SBZFQP;
				ENABLE_PREVIEWS = YES;
				GENERATE_INFOPLIST_FILE = YES;
				INFOPLIST_KEY_UIApplicationSceneManifest_Generation = YES;
				INFOPLIST_KEY_UIApplicationSupportsIndirectInputEvents = YES;
				INFOPLIST_KEY_UILaunchScreen_Generation = YES;
				INFOPLIST_KEY_UISupportedInterfaceOrientations_iPad = "UIInterfaceOrientationPortrait UIInterfaceOrientationPortraitUpsideDown UIInterfaceOrientationLandscapeLeft UIInterfaceOrientationLandscapeRight";
				INFOPLIST_KEY_UISupportedInterfaceOrientations_iPhone = "UIInterfaceOrientationPortrait UIInterfaceOrientationLandscapeLeft UIInterfaceOrientationLandscapeRight";
				IPHONEOS_DEPLOYMENT_TARGET = 16.0;
				LD_RUNPATH_SEARCH_PATHS = (
					"$(inherited)",
					"@executable_path/Frameworks",
				);
				MARKETING_VERSION = 1.0;
				PRODUCT_BUNDLE_IDENTIFIER = "com.sephry.BMI-Calculator";
				PRODUCT_NAME = "$(TARGET_NAME)";
				SWIFT_EMIT_LOC_STRINGS = YES;
				SWIFT_VERSION = 5.0;
				TARGETED_DEVICE_FAMILY = "1,2";
			};
			name = Release;
		};
/* End XCBuildConfiguration section */

/* Begin XCConfigurationList section */
		BD79A0EB2B33840600E4BE31 /* Build configuration list for PBXProject "BMI-Calculator" */ = {
			isa = XCConfigurationList;
			buildConfigurations = (
				BD79A1012B33840700E4BE31 /* Debug */,
				BD79A1022B33840700E4BE31 /* Release */,
			);
			defaultConfigurationIsVisible = 0;
			defaultConfigurationName = Release;
		};
		BD79A1032B33840700E4BE31 /* Build configuration list for PBXNativeTarget "BMI-Calculator" */ = {
			isa = XCConfigurationList;
			buildConfigurations = (
				BD79A1042B33840700E4BE31 /* Debug */,
				BD79A1052B33840700E4BE31 /* Release */,
			);
			defaultConfigurationIsVisible = 0;
			defaultConfigurationName = Release;
		};
/* End XCConfigurationList section */

/* Begin XCRemoteSwiftPackageReference section */
		BD26D08A2B3B19A500040A2A /* XCRemoteSwiftPackageReference "chartview" */ = {
			isa = XCRemoteSwiftPackageReference;
			repositoryURL = "https://github.com/apppear/chartview.git";
			requirement = {
				kind = upToNextMajorVersion;
				minimumVersion = 1.5.5;
			};
		};
/* End XCRemoteSwiftPackageReference section */

/* Begin XCSwiftPackageProductDependency section */
		BD26D08B2B3B19A500040A2A /* SwiftUICharts */ = {
			isa = XCSwiftPackageProductDependency;
			package = BD26D08A2B3B19A500040A2A /* XCRemoteSwiftPackageReference "chartview" */;
			productName = SwiftUICharts;
		};
/* End XCSwiftPackageProductDependency section */

/* Begin XCVersionGroup section */
		BD569C712B3831900091847D /* BmiModel.xcdatamodeld */ = {
			isa = XCVersionGroup;
			children = (
				BD569C722B3831900091847D /* BmiModel.xcdatamodel */,
			);
			currentVersion = BD569C722B3831900091847D /* BmiModel.xcdatamodel */;
			path = BmiModel.xcdatamodeld;
			sourceTree = "<group>";
			versionGroupType = wrapper.xcdatamodel;
		};
/* End XCVersionGroup section */
	};
	rootObject = BD79A0E82B33840600E4BE31 /* Project object */;
}
